
Microsoft Visual Studio Solution File, Format Version 12.00
# Visual Studio Version 17
VisualStudioVersion = 17.1.32210.238
MinimumVisualStudioVersion = 10.0.40219.1
Project("{FAE04EC0-301F-11D3-BF4B-00C04F79EFBC}") = "DefiKindom-QuestRunner", "DefiKindom-QuestRunner.csproj", "{5D114F20-A6A8-40DD-AED7-549BED2A8277}"
EndProject
Project("{FAE04EC0-301F-11D3-BF4B-00C04F79EFBC}") = "DFK.Shared.Library", "..\DFK.Shared.Library\DFK.Shared.Library.csproj", "{CD44EEF7-1D28-4D59-9799-6968E51C3904}"
EndProject
Global
	GlobalSection(SolutionConfigurationPlatforms) = preSolution
		Debug|Any CPU = Debug|Any CPU
		Release|Any CPU = Release|Any CPU
	EndGlobalSection
	GlobalSection(ProjectConfigurationPlatforms) = postSolution
		{5D114F20-A6A8-40DD-AED7-549BED2A8277}.Debug|Any CPU.ActiveCfg = Debug|Any CPU
		{5D114F20-A6A8-40DD-AED7-549BED2A8277}.Debug|Any CPU.Build.0 = Debug|Any CPU
		{5D114F20-A6A8-40DD-AED7-549BED2A8277}.Release|Any CPU.ActiveCfg = Release|Any CPU
		{5D114F20-A6A8-40DD-AED7-549BED2A8277}.Release|Any CPU.Build.0 = Release|Any CPU
		{CD44EEF7-1D28-4D59-9799-6968E51C3904}.Debug|Any CPU.ActiveCfg = Debug|Any CPU
		{CD44EEF7-1D28-4D59-9799-6968E51C3904}.Debug|Any CPU.Build.0 = Debug|Any CPU
		{CD44EEF7-1D28-4D59-9799-6968E51C3904}.Release|Any CPU.ActiveCfg = Release|Any CPU
		{CD44EEF7-1D28-4D59-9799-6968E51C3904}.Release|Any CPU.Build.0 = Release|Any CPU
	EndGlobalSection
	GlobalSection(SolutionProperties) = preSolution
		HideSolutionNode = FALSE
	EndGlobalSection
	GlobalSection(ExtensibilityGlobals) = postSolution
		SolutionGuid = {FE265B6F-F6A2-4A3A-A2BE-B1B76264B119}
	EndGlobalSection
EndGlobal
